# shellcheck shell=sh

OFD_COMMIT=35aa3c33af13e929117612bbb722c56812fc19e0
OFD_URL=https://github.com/fanta0625/libreoffice-ofd-extension.git
BATCH_PRINT_COMMIT=64786c024efcf9cc8dc3aa09388a64ebb55f2f57
BATCH_PRINT_URL=https://github.com/fanta0625/libreoffice-batch-print.git
OFDRW_COMMIT=64489a2b12119818a377e8417be786383876ee6c
OFDRW_URL=https://github.com/fanta0625/ofdrw.git
LO_HELP_COMMIT=4742cb71469af698587a23c5ea026ce4287e3d9a
LO_HELP_URL=https://github.com/LibreOffice/help.git
LO_TRANSLATIONS_COMMIT=88f40d38afd161b8c05d666515134818ed9e9d2d
LO_TRANSLATIONS_URL=https://github.com/LibreOffice/translations.git
